
Microsoft Visual Studio Solution File, Format Version 12.00
# Visual Studio Version 16
VisualStudioVersion = 16.0.32106.194
MinimumVisualStudioVersion = 10.0.40219.1
Project("{FAE04EC0-301F-11D3-BF4B-00C04F79EFBC}") = "CyberMarket", "CyberMarket\CyberMarket.csproj", "{026394BE-31BF-4583-A48B-2CA6E4D34032}"
EndProject
Global
	GlobalSection(SolutionConfigurationPlatforms) = preSolution
		Debug|Any CPU = Debug|Any CPU
		Release|Any CPU = Release|Any CPU
	EndGlobalSection
	GlobalSection(ProjectConfigurationPlatforms) = postSolution
		{026394BE-31BF-4583-A48B-2CA6E4D34032}.Debug|Any CPU.ActiveCfg = Debug|Any CPU
		{026394BE-31BF-4583-A48B-2CA6E4D34032}.Debug|Any CPU.Build.0 = Debug|Any CPU
		{026394BE-31BF-4583-A48B-2CA6E4D34032}.Release|Any CPU.ActiveCfg = Release|Any CPU
		{026394BE-31BF-4583-A48B-2CA6E4D34032}.Release|Any CPU.Build.0 = Release|Any CPU
	EndGlobalSection
	GlobalSection(SolutionProperties) = preSolution
		HideSolutionNode = FALSE
	EndGlobalSection
	GlobalSection(ExtensibilityGlobals) = postSolution
		SolutionGuid = {E48FFDF3-50D4-4486-AC98-FA8B7C35904E}
	EndGlobalSection
EndGlobal
